{
  "version": 1,
  "dependencies": {
    "net7.0-windows7.0": {
      "DalamudPackager": {
        "type": "Direct",
        "requested": "[2.1.11, )",
        "resolved": "2.1.11",
        "contentHash": "9qlAWoRRTiL/geAvuwR/g6Bcbrd/bJJgVnB/RurBiyKs6srsP0bvpoo8IK+Eg8EA6jWeM6/YJWs66w4FIAzqPw=="
      },
      "System.Drawing.Common": {
        "type": "Direct",
        "requested": "[8.0.0-preview.2.23128.3, )",
        "resolved": "8.0.0-preview.2.23128.3",
        "contentHash": "kTEwdz83KrBKPVWEcrF4OGqLeJ6aK7jsPWBp/hX7ngT8BCvWLKAaBd5HZ4cmux0t7k5Lka/B/DqmKC8jc8TrOQ==",
        "dependencies": {
          "Microsoft.Win32.SystemEvents": "8.0.0-preview.2.23128.3"
        }
      },
      "Microsoft.Win32.SystemEvents": {
        "type": "Transitive",
        "resolved": "8.0.0-preview.2.23128.3",
        "contentHash": "2ugSY6UuqJfYhvVUaf4ueuUiMjIyN9dU03wpbKfRDsn13XvZ91yOlw7NLhYvB1Xc8gCAZpND20Tgbe3uBVytKA=="
      }
    }
  }
}