{
  "version": 1,
  "dependencies": {
    "net8.0-windows8.0": {
      "Aspose.Imaging": {
        "type": "Direct",
        "requested": "[24.3.0, )",
        "resolved": "24.3.0",
        "contentHash": "1TSJ2Mwe6XX7p7TYSA9aZdEoYOchhDcUZkY3LYvHB1pbH4fQt/YOkOk/vCAZMKRTHma2ILVr7xzKNdfp9pkLwQ==",
        "dependencies": {
          "Newtonsoft.Json": "13.0.1",
          "System.Text.Encoding.CodePages": "7.0.0"
        }
      },
      "Dalamud.ContextMenu": {
        "type": "Direct",
        "requested": "[1.3.1, )",
        "resolved": "1.3.1",
        "contentHash": "ptAxut5PiLnzZ4G/KQdHJVcyklC/BF3otHJ7zYVUPiKBjsOCoF0n/6h2jK7e+8ev2Y1yAY3Wtx2GuXLFQgt9Uw=="
      },
      "DalamudPackager": {
        "type": "Direct",
        "requested": "[2.1.12, )",
        "resolved": "2.1.12",
        "contentHash": "Sc0PVxvgg4NQjcI8n10/VfUQBAS4O+Fw2pZrAqBdRMbthYGeogzu5+xmIGCGmsEZ/ukMOBuAqiNiB5qA3MRalg=="
      },
      "StbImageSharp": {
        "type": "Direct",
        "requested": "[2.27.13, )",
        "resolved": "2.27.13",
        "contentHash": "tHnP2RHgFzWbOS96UqvRO/LYU1WmpMT1bKiig45we+rpaXacBr11Fq2IBF+MqlgyLyNXxRz18E66qr4R9YlSbg=="
      },
      "System.Drawing.Common": {
        "type": "Direct",
        "requested": "[8.0.3, )",
        "resolved": "8.0.3",
        "contentHash": "oDE9duAtHhxYJM2bsOlZCLBKdorU9DTV1tw7Mlc+VIT7HgwO5ddfOHk/An8C+fAS9oKdmn2PaIA5t1b484uz8g==",
        "dependencies": {
          "Microsoft.Win32.SystemEvents": "8.0.0"
        }
      },
      "Microsoft.Win32.SystemEvents": {
        "type": "Transitive",
        "resolved": "8.0.0",
        "contentHash": "9opKRyOKMCi2xJ7Bj7kxtZ1r9vbzosMvRrdEhVhDz8j8MoBGgB+WmC94yH839NPH+BclAjtQ/pyagvi/8gDLkw=="
      },
      "Newtonsoft.Json": {
        "type": "Transitive",
        "resolved": "13.0.1",
        "contentHash": "ppPFpBcvxdsfUonNcvITKqLl3bqxWbDCZIzDWHzjpdAHRFfZe0Dw9HmA0+za13IdyrgJwpkDTDA9fHaxOrt20A=="
      },
      "System.Text.Encoding.CodePages": {
        "type": "Transitive",
        "resolved": "7.0.0",
        "contentHash": "LSyCblMpvOe0N3E+8e0skHcrIhgV2huaNcjUUEa8hRtgEAm36aGkRoC8Jxlb6Ra6GSfF29ftduPNywin8XolzQ=="
      },
      "ottergui": {
        "type": "Project"
      }
    }
  }
}